{
  "name": "walkie-sh",
  "version": "1.5.0",
  "lockfileVersion": 3,
  "requires": true,
  "packages": {
    "": {
      "name": "walkie-sh",
      "version": "1.5.0",
      "license": "MIT",
      "dependencies": {
        "commander": "^12.0.0",
        "hyperswarm": "^4.0.0",
        "ws": "^8.0.0"
      },
      "bin": {
        "walkie": "bin/walkie.js"
      },
      "engines": {
        "node": ">=18"
      }
    },
    "node_modules/@hyperswarm/secret-stream": {
      "version": "6.9.1",
      "resolved": "https://registry.npmjs.org/@hyperswarm/secret-stream/-/secret-stream-6.9.1.tgz",
      "integrity": "sha512-xb0S5y3YJwBakD77JOGBHlBxdp63mHClZoXBYoLv+9wH8e054ESKlmQptWqjJK5dv5VMUIVYOJB4MaOpB0JdGw==",
      "license": "Apache-2.0",
      "dependencies": {
        "b4a": "^1.1.0",
        "hypercore-crypto": "^3.3.1",
        "noise-curve-ed": "^2.0.1",
        "noise-handshake": "^4.0.0",
        "sodium-secretstream": "^1.1.0",
        "sodium-universal": "^5.0.0",
        "streamx": "^2.14.0",
        "timeout-refresh": "^2.0.0",
        "unslab": "^1.3.0"
      }
    },
    "node_modules/adaptive-timeout": {
      "version": "1.0.1",
      "resolved": "https://registry.npmjs.org/adaptive-timeout/-/adaptive-timeout-1.0.1.tgz",
      "integrity": "sha512-+seGiBtHqbnyZ0Quq/ZGxxwP66153WBABawa07/QeyuPFzbduPBjiGQAyCiriiLDzt3dkbMBskSlfqtRwblK8Q==",
      "license": "Apache-2.0",
      "dependencies": {
        "xache": "^1.2.1"
      }
    },
    "node_modules/b4a": {
      "version": "1.7.5",
      "resolved": "https://registry.npmjs.org/b4a/-/b4a-1.7.5.tgz",
      "integrity": "sha512-iEsKNwDh1wiWTps1/hdkNdmBgDlDVZP5U57ZVOlt+dNFqpc/lpPouCIxZw+DYBgc4P9NDfIZMPNR4CHNhzwLIA==",
      "license": "Apache-2.0",
      "peerDependencies": {
        "react-native-b4a": "*"
      },
      "peerDependenciesMeta": {
        "react-native-b4a": {
          "optional": true
        }
      }
    },
    "node_modules/bare-addon-resolve": {
      "version": "1.10.0",
      "resolved": "https://registry.npmjs.org/bare-addon-resolve/-/bare-addon-resolve-1.10.0.tgz",
      "integrity": "sha512-sSd0jieRJlDaODOzj0oe0RjFVC1QI0ZIjGIdPkbrTXsdVVtENg14c+lHHAhHwmWCZ2nQlMhy8jA3Y5LYPc/isA==",
      "license": "Apache-2.0",
      "dependencies": {
        "bare-module-resolve": "^1.10.0",
        "bare-semver": "^1.0.0"
      },
      "peerDependencies": {
        "bare-url": "*"
      },
      "peerDependenciesMeta": {
        "bare-url": {
          "optional": true
        }
      }
    },
    "node_modules/bare-events": {
      "version": "2.8.2",
      "resolved": "https://registry.npmjs.org/bare-events/-/bare-events-2.8.2.tgz",
      "integrity": "sha512-riJjyv1/mHLIPX4RwiK+oW9/4c3TEUeORHKefKAKnZ5kyslbN+HXowtbaVEqt4IMUB7OXlfixcs6gsFeo/jhiQ==",
      "license": "Apache-2.0",
      "peerDependencies": {
        "bare-abort-controller": "*"
      },
      "peerDependenciesMeta": {
        "bare-abort-controller": {
          "optional": true
        }
      }
    },
    "node_modules/bare-module-resolve": {
      "version": "1.12.1",
      "resolved": "https://registry.npmjs.org/bare-module-resolve/-/bare-module-resolve-1.12.1.tgz",
      "integrity": "sha512-hbmAPyFpEq8FoZMd5sFO3u6MC5feluWoGE8YKlA8fCrl6mNtx68Wjg4DTiDJcqRJaovTvOYKfYngoBUnbaT7eg==",
      "license": "Apache-2.0",
      "dependencies": {
        "bare-semver": "^1.0.0"
      },
      "peerDependencies": {
        "bare-url": "*"
      },
      "peerDependenciesMeta": {
        "bare-url": {
          "optional": true
        }
      }
    },
    "node_modules/bare-semver": {
      "version": "1.0.2",
      "resolved": "https://registry.npmjs.org/bare-semver/-/bare-semver-1.0.2.tgz",
      "integrity": "sha512-ESVaN2nzWhcI5tf3Zzcq9aqCZ676VWzqw07eEZ0qxAcEOAFYBa0pWq8sK34OQeHLY3JsfKXZS9mDyzyxGjeLzA==",
      "license": "Apache-2.0"
    },
    "node_modules/bits-to-bytes": {
      "version": "1.3.0",
      "resolved": "https://registry.npmjs.org/bits-to-bytes/-/bits-to-bytes-1.3.0.tgz",
      "integrity": "sha512-OJoHTpFXS9bXHBCekGTByf3MqM8CGblBDIduKQeeVVeiU9dDWywSSirXIBYGgg3d1zbVuvnMa1vD4r6PA0kOKg==",
      "license": "ISC",
      "dependencies": {
        "b4a": "^1.5.0"
      }
    },
    "node_modules/blind-relay": {
      "version": "1.4.0",
      "resolved": "https://registry.npmjs.org/blind-relay/-/blind-relay-1.4.0.tgz",
      "integrity": "sha512-6xt7fDfCs6eGmNNym6I9N42jmjcMQn2qwwOVnkP9ZnrkXFk6c4/tdO1xqRmDEzKzV8gigd+DVdCUG/RUYnen7Q==",
      "license": "Apache-2.0",
      "dependencies": {
        "b4a": "^1.6.4",
        "bare-events": "^2.2.0",
        "bits-to-bytes": "^1.3.0",
        "compact-encoding": "^2.12.0",
        "compact-encoding-bitfield": "^1.0.0",
        "protomux": "^3.5.1",
        "sodium-universal": "^5.0.0",
        "streamx": "^2.15.1"
      }
    },
    "node_modules/bogon": {
      "version": "1.2.0",
      "resolved": "https://registry.npmjs.org/bogon/-/bogon-1.2.0.tgz",
      "integrity": "sha512-FqOBr/1VMzCOsoJd+fzNUMarUYki2+TKt07A2+xaulsNx4r53iJ7MV5k0jbqg7W2U0CsLqxCZOrFibdG6h6HSg==",
      "license": "MIT",
      "dependencies": {
        "compact-encoding": "^2.11.0",
        "compact-encoding-net": "^1.2.0"
      }
    },
    "node_modules/commander": {
      "version": "12.1.0",
      "resolved": "https://registry.npmjs.org/commander/-/commander-12.1.0.tgz",
      "integrity": "sha512-Vw8qHK3bZM9y/P10u3Vib8o/DdkvA2OtPtZvD871QKjy74Wj1WSKFILMPRPSdUSx5RFK1arlJzEtA4PkFgnbuA==",
      "license": "MIT",
      "engines": {
        "node": ">=18"
      }
    },
    "node_modules/compact-encoding": {
      "version": "2.19.0",
      "resolved": "https://registry.npmjs.org/compact-encoding/-/compact-encoding-2.19.0.tgz",
      "integrity": "sha512-bPQlzwxgzsuOp0wB6G9TVoZ2tGFANJckQfM10xLKUS2fbLe+fFZG6Gi1wYehcMMTcjvtil8oOJSsToMOlCSu4g==",
      "license": "Apache-2.0",
      "dependencies": {
        "b4a": "^1.3.0"
      }
    },
    "node_modules/compact-encoding-bitfield": {
      "version": "1.0.0",
      "resolved": "https://registry.npmjs.org/compact-encoding-bitfield/-/compact-encoding-bitfield-1.0.0.tgz",
      "integrity": "sha512-3nMVKUg+PF72UHfainmCL8uKvyWfxsjqOtUY+HiMPGLPCTjnwzoKfFAMo1Ad7nwTPdjBqtGK5b3BOFTFW4EBTg==",
      "license": "ISC",
      "dependencies": {
        "compact-encoding": "^2.4.1"
      }
    },
    "node_modules/compact-encoding-net": {
      "version": "1.2.0",
      "resolved": "https://registry.npmjs.org/compact-encoding-net/-/compact-encoding-net-1.2.0.tgz",
      "integrity": "sha512-LVXpNpF7PGQeHRVVLGgYWzuVoYAaDZvKUsUxRioGfkotzvOh4AzoQF1HBH3zMNaSnx7gJXuUr3hkjnijaH/Eng==",
      "license": "ISC",
      "dependencies": {
        "compact-encoding": "^2.4.1"
      }
    },
    "node_modules/dht-rpc": {
      "version": "6.26.2",
      "resolved": "https://registry.npmjs.org/dht-rpc/-/dht-rpc-6.26.2.tgz",
      "integrity": "sha512-54n+8km7AWNBWO4OXcZwsn8jy1TjCmnqaJLdWbsWl8hfJaqE90pSvHsmTHtvgPRKxKatAEeKE4gCUCac8TCAPA==",
      "license": "MIT",
      "dependencies": {
        "adaptive-timeout": "^1.0.1",
        "b4a": "^1.6.1",
        "bare-events": "^2.2.0",
        "compact-encoding": "^2.11.0",
        "compact-encoding-net": "^1.2.0",
        "fast-fifo": "^1.1.0",
        "kademlia-routing-table": "^1.0.1",
        "nat-sampler": "^1.0.1",
        "sodium-universal": "^5.0.0",
        "streamx": "^2.13.2",
        "time-ordered-set": "^2.0.0",
        "udx-native": "^1.5.3"
      }
    },
    "node_modules/events-universal": {
      "version": "1.0.1",
      "resolved": "https://registry.npmjs.org/events-universal/-/events-universal-1.0.1.tgz",
      "integrity": "sha512-LUd5euvbMLpwOF8m6ivPCbhQeSiYVNb8Vs0fQ8QjXo0JTkEHpz8pxdQf0gStltaPpw0Cca8b39KxvK9cfKRiAw==",
      "license": "Apache-2.0",
      "dependencies": {
        "bare-events": "^2.7.0"
      }
    },
    "node_modules/fast-fifo": {
      "version": "1.3.2",
      "resolved": "https://registry.npmjs.org/fast-fifo/-/fast-fifo-1.3.2.tgz",
      "integrity": "sha512-/d9sfos4yxzpwkDkuN7k2SqFKtYNmCTzgfEpz82x34IM9/zc8KGxQoXg1liNC/izpRM/MBdt44Nmx41ZWqk+FQ==",
      "license": "MIT"
    },
    "node_modules/hypercore-crypto": {
      "version": "3.6.1",
      "resolved": "https://registry.npmjs.org/hypercore-crypto/-/hypercore-crypto-3.6.1.tgz",
      "integrity": "sha512-ltIz2uDwy9pO/ZGTvqcjzyBkvt6O4cVm4r/nNxh0GFs/RbQtqP/i4wCvLEdmU7ptgtnw7fI67WYD1aHPuv4OVA==",
      "license": "MIT",
      "dependencies": {
        "b4a": "^1.6.6",
        "compact-encoding": "^2.15.0",
        "sodium-universal": "^5.0.0"
      }
    },
    "node_modules/hypercore-id-encoding": {
      "version": "1.3.0",
      "resolved": "https://registry.npmjs.org/hypercore-id-encoding/-/hypercore-id-encoding-1.3.0.tgz",
      "integrity": "sha512-W6sHdGo5h7LXEsoWfKf/KfuROZmZRQDlGqJF2EPHW+noCK66Vvr0+zE6cL0vqQi18s0kQPeN7Sq3QyR0Ytc2VQ==",
      "license": "Apache-2.0",
      "dependencies": {
        "b4a": "^1.5.3",
        "z32": "^1.0.0"
      }
    },
    "node_modules/hyperdht": {
      "version": "6.29.0",
      "resolved": "https://registry.npmjs.org/hyperdht/-/hyperdht-6.29.0.tgz",
      "integrity": "sha512-okIpelpIhRTBDCCe2CNWfLHbVSQ5DPbl1Npb1zet8SqrkCsYF27RHJ04IaYqiigHI9y0KZgjOHdZbejalbFVoQ==",
      "license": "MIT",
      "dependencies": {
        "@hyperswarm/secret-stream": "^6.6.2",
        "b4a": "^1.3.1",
        "bare-events": "^2.2.0",
        "blind-relay": "^1.3.0",
        "bogon": "^1.0.0",
        "compact-encoding": "^2.4.1",
        "compact-encoding-net": "^1.0.1",
        "dht-rpc": "^6.15.1",
        "hypercore-crypto": "^3.3.0",
        "hypercore-id-encoding": "^1.2.0",
        "noise-curve-ed": "^2.0.0",
        "noise-handshake": "^4.0.0",
        "record-cache": "^1.1.1",
        "safety-catch": "^1.0.1",
        "signal-promise": "^1.0.3",
        "sodium-universal": "^5.0.1",
        "streamx": "^2.16.1",
        "unslab": "^1.3.0",
        "xache": "^1.1.0"
      },
      "bin": {
        "hyperdht": "bin.js"
      }
    },
    "node_modules/hyperswarm": {
      "version": "4.16.0",
      "resolved": "https://registry.npmjs.org/hyperswarm/-/hyperswarm-4.16.0.tgz",
      "integrity": "sha512-f86RsI1qP/nbBTv4wYxOhu1JnWvGZgiC1w69aRFn0xGSavLMWjvbbVspVApOnRjiPKpYVVGACXdrvEOrL3rHdw==",
      "license": "MIT",
      "dependencies": {
        "b4a": "^1.3.1",
        "bare-events": "^2.2.0",
        "hyperdht": "^6.21.0",
        "safety-catch": "^1.0.2",
        "shuffled-priority-queue": "^2.1.0",
        "streamx": "^2.22.1",
        "unslab": "^1.3.0"
      }
    },
    "node_modules/kademlia-routing-table": {
      "version": "1.0.6",
      "resolved": "https://registry.npmjs.org/kademlia-routing-table/-/kademlia-routing-table-1.0.6.tgz",
      "integrity": "sha512-Ve6jwIlUCYvUzBnXnzVRHDZCFgXURW9gmF3r7n05kZs/2rNbLHXwGdcq0qIaSwdmJCvtosgR4JensnVU65hzNQ==",
      "license": "MIT",
      "dependencies": {
        "bare-events": "^2.2.0"
      }
    },
    "node_modules/nanoassert": {
      "version": "2.0.0",
      "resolved": "https://registry.npmjs.org/nanoassert/-/nanoassert-2.0.0.tgz",
      "integrity": "sha512-7vO7n28+aYO4J+8w96AzhmU8G+Y/xpPDJz/se19ICsqj/momRbb9mh9ZUtkoJ5X3nTnPdhEJyc0qnM6yAsHBaA==",
      "license": "ISC"
    },
    "node_modules/nat-sampler": {
      "version": "1.0.1",
      "resolved": "https://registry.npmjs.org/nat-sampler/-/nat-sampler-1.0.1.tgz",
      "integrity": "sha512-yQvyNN7xbqR8crTKk3U8gRgpcV1Az+vfCEijiHu9oHHsnIl8n3x+yXNHl42M6L3czGynAVoOT9TqBfS87gDdcw==",
      "license": "MIT"
    },
    "node_modules/noise-curve-ed": {
      "version": "2.1.0",
      "resolved": "https://registry.npmjs.org/noise-curve-ed/-/noise-curve-ed-2.1.0.tgz",
      "integrity": "sha512-zAzJx+VwZM3w6EA1hTmDhJfvAnCeBQn/1FAeZ0LtGxCcCtlAK/uJXQVF/eDVUOaAZ286lHlx77WJ+qj9SmsRRg==",
      "license": "ISC",
      "dependencies": {
        "b4a": "^1.1.0",
        "nanoassert": "^2.0.0",
        "sodium-universal": "^5.0.0"
      }
    },
    "node_modules/noise-handshake": {
      "version": "4.2.0",
      "resolved": "https://registry.npmjs.org/noise-handshake/-/noise-handshake-4.2.0.tgz",
      "integrity": "sha512-9O/VTNX/E2/AToyMTTDU0J/4WhaXMTdqc2DHs9vf+snoZ0cenSBq0dNYTVV1snYYEkmo6QeRrYMxtqtoYnY+LA==",
      "license": "Apache-2.0",
      "dependencies": {
        "b4a": "^1.1.0",
        "nanoassert": "^2.0.0",
        "sodium-universal": "^5.0.0"
      }
    },
    "node_modules/protomux": {
      "version": "3.10.1",
      "resolved": "https://registry.npmjs.org/protomux/-/protomux-3.10.1.tgz",
      "integrity": "sha512-jgBqx8ZyaBWea/DFG4eOu1scOaeBwcnagiRC1XFVrjeGt7oAb0Pk5udPpBUpJ4DJBRjra50jD6YcZiQQTRqaaA==",
      "license": "MIT",
      "dependencies": {
        "b4a": "^1.3.1",
        "compact-encoding": "^2.5.1",
        "queue-tick": "^1.0.0",
        "safety-catch": "^1.0.1",
        "unslab": "^1.3.0"
      }
    },
    "node_modules/queue-tick": {
      "version": "1.0.1",
      "resolved": "https://registry.npmjs.org/queue-tick/-/queue-tick-1.0.1.tgz",
      "integrity": "sha512-kJt5qhMxoszgU/62PLP1CJytzd2NKetjSRnyuj31fDd3Rlcz3fzlFdFLD1SItunPwyqEOkca6GbV612BWfaBag==",
      "license": "MIT"
    },
    "node_modules/record-cache": {
      "version": "1.2.0",
      "resolved": "https://registry.npmjs.org/record-cache/-/record-cache-1.2.0.tgz",
      "integrity": "sha512-kyy3HWCez2WrotaL3O4fTn0rsIdfRKOdQQcEJ9KpvmKmbffKVvwsloX063EgRUlpJIXHiDQFhJcTbZequ2uTZw==",
      "license": "MIT",
      "dependencies": {
        "b4a": "^1.3.1"
      }
    },
    "node_modules/require-addon": {
      "version": "1.2.0",
      "resolved": "https://registry.npmjs.org/require-addon/-/require-addon-1.2.0.tgz",
      "integrity": "sha512-VNPDZlYgIYQwWp9jMTzljx+k0ZtatKlcvOhktZ/anNPI3dQ9NXk7cq2U4iJ1wd9IrytRnYhyEocFWbkdPb+MYA==",
      "license": "Apache-2.0",
      "dependencies": {
        "bare-addon-resolve": "^1.3.0"
      },
      "engines": {
        "bare": ">=1.10.0"
      }
    },
    "node_modules/safety-catch": {
      "version": "1.0.2",
      "resolved": "https://registry.npmjs.org/safety-catch/-/safety-catch-1.0.2.tgz",
      "integrity": "sha512-C1UYVZ4dtbBxEtvOcpjBaaD27nP8MlvyAQEp2fOTOEe6pfUpk1cDUxij6BR1jZup6rSyUTaBBplK7LanskrULA==",
      "license": "MIT"
    },
    "node_modules/shuffled-priority-queue": {
      "version": "2.1.0",
      "resolved": "https://registry.npmjs.org/shuffled-priority-queue/-/shuffled-priority-queue-2.1.0.tgz",
      "integrity": "sha512-xhdh7fHyMsr0m/w2kDfRJuBFRS96b9l8ZPNWGaQ+PMvnUnZ/Eh+gJJ9NsHBd7P9k0399WYlCLzsy18EaMfyadA==",
      "license": "MIT",
      "dependencies": {
        "unordered-set": "^2.0.1"
      }
    },
    "node_modules/signal-promise": {
      "version": "1.0.3",
      "resolved": "https://registry.npmjs.org/signal-promise/-/signal-promise-1.0.3.tgz",
      "integrity": "sha512-WBgv0UnIq2C+Aeh0/n+IRpP6967eIx9WpynTUoiW3isPpfe1zu2LJzyfXdo9Tgef8yR/sGjcMvoUXD7EYdiz+g==",
      "license": "MIT"
    },
    "node_modules/sodium-native": {
      "version": "5.0.10",
      "resolved": "https://registry.npmjs.org/sodium-native/-/sodium-native-5.0.10.tgz",
      "integrity": "sha512-UIw+0AbpCQRuTJF88JWrZomP4O+PXhlWvdopiAJOsUivTyHTf3korMyStxkZuPngSbBEtEfDdc4ewEd8/T4/lA==",
      "license": "MIT",
      "dependencies": {
        "require-addon": "^1.1.0",
        "which-runtime": "^1.2.1"
      },
      "engines": {
        "bare": ">=1.16.0"
      }
    },
    "node_modules/sodium-secretstream": {
      "version": "1.2.0",
      "resolved": "https://registry.npmjs.org/sodium-secretstream/-/sodium-secretstream-1.2.0.tgz",
      "integrity": "sha512-q/DbraNFXm1KfCiiZvapmz5UC3OlpirYFIvBK2MhGaOFSb3gRyk8OXTi17UI9SGfshQNCpsVvlopogbzZNyW6Q==",
      "license": "MIT",
      "dependencies": {
        "b4a": "^1.1.1",
        "sodium-universal": "^5.0.0"
      }
    },
    "node_modules/sodium-universal": {
      "version": "5.0.1",
      "resolved": "https://registry.npmjs.org/sodium-universal/-/sodium-universal-5.0.1.tgz",
      "integrity": "sha512-rv+aH+tnKB5H0MAc2UadHShLMslpJsc4wjdnHRtiSIEYpOetCgu8MS4ExQRia+GL/MK3uuCyZPeEsi+J3h+Q+Q==",
      "license": "MIT",
      "dependencies": {
        "sodium-native": "^5.0.1"
      },
      "peerDependencies": {
        "sodium-javascript": "~0.8.0"
      },
      "peerDependenciesMeta": {
        "sodium-javascript": {
          "optional": true
        }
      }
    },
    "node_modules/streamx": {
      "version": "2.23.0",
      "resolved": "https://registry.npmjs.org/streamx/-/streamx-2.23.0.tgz",
      "integrity": "sha512-kn+e44esVfn2Fa/O0CPFcex27fjIL6MkVae0Mm6q+E6f0hWv578YCERbv+4m02cjxvDsPKLnmxral/rR6lBMAg==",
      "license": "MIT",
      "dependencies": {
        "events-universal": "^1.0.0",
        "fast-fifo": "^1.3.2",
        "text-decoder": "^1.1.0"
      }
    },
    "node_modules/text-decoder": {
      "version": "1.2.7",
      "resolved": "https://registry.npmjs.org/text-decoder/-/text-decoder-1.2.7.tgz",
      "integrity": "sha512-vlLytXkeP4xvEq2otHeJfSQIRyWxo/oZGEbXrtEEF9Hnmrdly59sUbzZ/QgyWuLYHctCHxFF4tRQZNQ9k60ExQ==",
      "license": "Apache-2.0",
      "dependencies": {
        "b4a": "^1.6.4"
      }
    },
    "node_modules/time-ordered-set": {
      "version": "2.0.1",
      "resolved": "https://registry.npmjs.org/time-ordered-set/-/time-ordered-set-2.0.1.tgz",
      "integrity": "sha512-VJEKmgSN2UiOLB8BpN8Sh2b9LGMHTP5OPrQRpnKjvOheOyzk0mufbjzjKTIG2gO4A+Y+vDJ+0TcLbpUmMLsg8A==",
      "license": "MIT"
    },
    "node_modules/timeout-refresh": {
      "version": "2.0.1",
      "resolved": "https://registry.npmjs.org/timeout-refresh/-/timeout-refresh-2.0.1.tgz",
      "integrity": "sha512-SVqEcMZBsZF9mA78rjzCrYrUs37LMJk3ShZ851ygZYW1cMeIjs9mL57KO6Iv5mmjSQnOe/29/VAfGXo+oRCiVw==",
      "license": "MIT"
    },
    "node_modules/udx-native": {
      "version": "1.19.2",
      "resolved": "https://registry.npmjs.org/udx-native/-/udx-native-1.19.2.tgz",
      "integrity": "sha512-RNYh+UhfryCsF5hE2ZOuIqcZ+qdipXK3UsarwxWJwsUQZFE3ybwz0mPjwb5ev1PMBcjFahWiepS/q0wwL51c2g==",
      "license": "Apache-2.0",
      "dependencies": {
        "b4a": "^1.5.0",
        "bare-events": "^2.2.0",
        "require-addon": "^1.1.0",
        "streamx": "^2.22.0"
      },
      "engines": {
        "bare": ">=1.17.4"
      }
    },
    "node_modules/unordered-set": {
      "version": "2.0.1",
      "resolved": "https://registry.npmjs.org/unordered-set/-/unordered-set-2.0.1.tgz",
      "integrity": "sha512-eUmNTPzdx+q/WvOHW0bgGYLWvWHNT3PTKEQLg0MAQhc0AHASHVHoP/9YytYd4RBVariqno/mEUhVZN98CmD7bg==",
      "license": "MIT"
    },
    "node_modules/unslab": {
      "version": "1.3.0",
      "resolved": "https://registry.npmjs.org/unslab/-/unslab-1.3.0.tgz",
      "integrity": "sha512-YATkfKAFj47kTzmiQrWXMyRvaVrHsW6MEALa4bm+FhiA2YG4oira+Z3DXN6LrYOYn2Y8eO94Lwl9DOHjs1FpoQ==",
      "license": "Apache-2.0",
      "dependencies": {
        "b4a": "^1.6.6"
      }
    },
    "node_modules/which-runtime": {
      "version": "1.3.2",
      "resolved": "https://registry.npmjs.org/which-runtime/-/which-runtime-1.3.2.tgz",
      "integrity": "sha512-5kwCfWml7+b2NO7KrLMhYihjRx0teKkd3yGp1Xk5Vaf2JGdSh+rgVhEALAD9c/59dP+YwJHXoEO7e8QPy7gOkw==",
      "license": "Apache-2.0"
    },
    "node_modules/ws": {
      "version": "8.20.1",
      "resolved": "https://registry.npmjs.org/ws/-/ws-8.20.1.tgz",
      "integrity": "sha512-It4dO0K5v//JtTXuPkfEOaI3uUN87iYPnqo/ZzqCoG3g8uhA66QUMs/SrM0YK7/NAu+r4LMh/9dq2A7k+rHs+w==",
      "license": "MIT",
      "engines": {
        "node": ">=10.0.0"
      },
      "peerDependencies": {
        "bufferutil": "^4.0.1",
        "utf-8-validate": ">=5.0.2"
      },
      "peerDependenciesMeta": {
        "bufferutil": {
          "optional": true
        },
        "utf-8-validate": {
          "optional": true
        }
      }
    },
    "node_modules/xache": {
      "version": "1.2.1",
      "resolved": "https://registry.npmjs.org/xache/-/xache-1.2.1.tgz",
      "integrity": "sha512-igRS6jPreJ54ABdzhh4mCDXcz+XMaWO2q1ABRV2yWYuk29jlp8VT7UBdCqNkX7rpYBbXsebVVKkwIuYZjyZNqA==",
      "license": "MIT"
    },
    "node_modules/z32": {
      "version": "1.1.0",
      "resolved": "https://registry.npmjs.org/z32/-/z32-1.1.0.tgz",
      "integrity": "sha512-1WUHy+VS6d0HPNspDxvLssBbeQjXMjSnpv0vH82vRAUfg847NmX3OXozp/hRP5jPhxBbrVzrgvAt+UsGNzRFQQ==",
      "license": "MIT",
      "dependencies": {
        "b4a": "^1.5.3"
      }
    }
  }
}
